{
    "hash": "dacc5b4245a10c93c9fbbbae66b4d454",
    "packages": [
        {
            "package": "doctrine/common",
            "version": "2.2-dev",
            "source-reference": "4a1d5e6cb25e5604814c0854e0cc928dea88bcc6"
        },
        {
            "package": "kriswallsmith/buzz",
            "version": "v0.5"
        }
    ],
    "aliases": []
}
